// !$*UTF8*$!
{
	archiveVersion = 1;
	classes = {
	};
	objectVersion = 48;
	objects = {

/* Begin PBXBuildFile section */
		564721441FF238CD0090EDAB /* MarvelComic.swift in Sources */ = {isa = PBXBuildFile; fileRef = 564721431FF238CD0090EDAB /* MarvelComic.swift */; };
		564721461FF2963A0090EDAB /* ParsingTests.swift in Sources */ = {isa = PBXBuildFile; fileRef = 564721451FF2963A0090EDAB /* ParsingTests.swift */; };
		565539FF1FF7DB3200380F31 /* Assets.xcassets in Resources */ = {isa = PBXBuildFile; fileRef = 565539FE1FF7DB3200380F31 /* Assets.xcassets */; };
		56553A091FF7FFC800380F31 /* DataProviderTests.swift in Sources */ = {isa = PBXBuildFile; fileRef = 56553A081FF7FFC800380F31 /* DataProviderTests.swift */; };
		56553A0B1FF8DBB100380F31 /* MarvelEntityListViewModel.swift in Sources */ = {isa = PBXBuildFile; fileRef = 56553A0A1FF8DBB100380F31 /* MarvelEntityListViewModel.swift */; };
		56553A121FF9916B00380F31 /* CharacterDetailViewController.swift in Sources */ = {isa = PBXBuildFile; fileRef = 56553A111FF9916B00380F31 /* CharacterDetailViewController.swift */; };
		56553A161FF9934A00380F31 /* CharacterDetailViewModel.swift in Sources */ = {isa = PBXBuildFile; fileRef = 56553A151FF9934A00380F31 /* CharacterDetailViewModel.swift */; };
		56553A181FFA953200380F31 /* MarvelListItemCell.swift in Sources */ = {isa = PBXBuildFile; fileRef = 56553A171FFA953200380F31 /* MarvelListItemCell.swift */; };
		56553A1A1FFA95FE00380F31 /* MarvelListItemCellViewModel.swift in Sources */ = {isa = PBXBuildFile; fileRef = 56553A191FFA95FE00380F31 /* MarvelListItemCellViewModel.swift */; };
		56553A1C1FFAB15600380F31 /* EntityDetailViewModel.swift in Sources */ = {isa = PBXBuildFile; fileRef = 56553A1B1FFAB15600380F31 /* EntityDetailViewModel.swift */; };
		56553A1E1FFAB77D00380F31 /* ComicDetailViewController.swift in Sources */ = {isa = PBXBuildFile; fileRef = 56553A1D1FFAB77D00380F31 /* ComicDetailViewController.swift */; };
		56553A201FFAB82A00380F31 /* CreatorDetailViewController.swift in Sources */ = {isa = PBXBuildFile; fileRef = 56553A1F1FFAB82A00380F31 /* CreatorDetailViewController.swift */; };
		56553A221FFAB83900380F31 /* EventDetailViewController.swift in Sources */ = {isa = PBXBuildFile; fileRef = 56553A211FFAB83900380F31 /* EventDetailViewController.swift */; };
		56553A241FFAB84D00380F31 /* SerieDetailViewController.swift in Sources */ = {isa = PBXBuildFile; fileRef = 56553A231FFAB84D00380F31 /* SerieDetailViewController.swift */; };
		56553A261FFAB85B00380F31 /* StoryDetailViewController.swift in Sources */ = {isa = PBXBuildFile; fileRef = 56553A251FFAB85B00380F31 /* StoryDetailViewController.swift */; };
		56553A281FFAC2E100380F31 /* ComicDetailViewModel.swift in Sources */ = {isa = PBXBuildFile; fileRef = 56553A271FFAC2E100380F31 /* ComicDetailViewModel.swift */; };
		56553A2A1FFAC39500380F31 /* CreatorDetailViewModel.swift in Sources */ = {isa = PBXBuildFile; fileRef = 56553A291FFAC39500380F31 /* CreatorDetailViewModel.swift */; };
		56553A2C1FFAC3B000380F31 /* EventDetailViewModel.swift in Sources */ = {isa = PBXBuildFile; fileRef = 56553A2B1FFAC3B000380F31 /* EventDetailViewModel.swift */; };
		56553A2E1FFAC40A00380F31 /* SerieDetailViewModel.swift in Sources */ = {isa = PBXBuildFile; fileRef = 56553A2D1FFAC40A00380F31 /* SerieDetailViewModel.swift */; };
		56553A301FFAC42900380F31 /* StoryDetailViewModel.swift in Sources */ = {isa = PBXBuildFile; fileRef = 56553A2F1FFAC42900380F31 /* StoryDetailViewModel.swift */; };
		56553A321FFAC6AE00380F31 /* EntityDetailViewController.swift in Sources */ = {isa = PBXBuildFile; fileRef = 56553A311FFAC6AE00380F31 /* EntityDetailViewController.swift */; };
		567149191FF018CB00811866 /* AppDelegate.swift in Sources */ = {isa = PBXBuildFile; fileRef = 567149181FF018CB00811866 /* AppDelegate.swift */; };
		5671491E1FF018CB00811866 /* Main.storyboard in Resources */ = {isa = PBXBuildFile; fileRef = 5671491C1FF018CB00811866 /* Main.storyboard */; };
		567149231FF018CB00811866 /* LaunchScreen.storyboard in Resources */ = {isa = PBXBuildFile; fileRef = 567149211FF018CB00811866 /* LaunchScreen.storyboard */; };
		5671492F1FF0247C00811866 /* APIConfiguration.plist in Resources */ = {isa = PBXBuildFile; fileRef = 5671492E1FF0247C00811866 /* APIConfiguration.plist */; };
		567149321FF0275C00811866 /* MarvelEntityRepresentable.swift in Sources */ = {isa = PBXBuildFile; fileRef = 567149311FF0275C00811866 /* MarvelEntityRepresentable.swift */; };
		567149341FF02B9300811866 /* MarvelEntityType.swift in Sources */ = {isa = PBXBuildFile; fileRef = 567149331FF02B9300811866 /* MarvelEntityType.swift */; };
		567149361FF02E3B00811866 /* MarvelImageSize.swift in Sources */ = {isa = PBXBuildFile; fileRef = 567149351FF02E3B00811866 /* MarvelImageSize.swift */; };
		567149391FF032EB00811866 /* MarvelAPIConnector.swift in Sources */ = {isa = PBXBuildFile; fileRef = 567149381FF032EB00811866 /* MarvelAPIConnector.swift */; };
		5671493D1FF03C4700811866 /* String+MD5.swift in Sources */ = {isa = PBXBuildFile; fileRef = 5671493C1FF03C4700811866 /* String+MD5.swift */; };
		56917C311FF15A040036EEAD /* MarvelAPITests.swift in Sources */ = {isa = PBXBuildFile; fileRef = 56917C301FF15A040036EEAD /* MarvelAPITests.swift */; };
		56917C331FF1A3C10036EEAD /* MarvelCharacter.swift in Sources */ = {isa = PBXBuildFile; fileRef = 56917C321FF1A3C10036EEAD /* MarvelCharacter.swift */; };
		56917C351FF1B19C0036EEAD /* Marvelable.swift in Sources */ = {isa = PBXBuildFile; fileRef = 56917C341FF1B19C0036EEAD /* Marvelable.swift */; };
		56917C391FF1B42F0036EEAD /* MarvelStoryListItem.swift in Sources */ = {isa = PBXBuildFile; fileRef = 56917C381FF1B42F0036EEAD /* MarvelStoryListItem.swift */; };
		56917C3D1FF1BD060036EEAD /* MarvelCharacterListItem.swift in Sources */ = {isa = PBXBuildFile; fileRef = 56917C3C1FF1BD060036EEAD /* MarvelCharacterListItem.swift */; };
		56917C3F1FF1BD7D0036EEAD /* MarvelComicListItem.swift in Sources */ = {isa = PBXBuildFile; fileRef = 56917C3E1FF1BD7D0036EEAD /* MarvelComicListItem.swift */; };
		56917C411FF1BDB90036EEAD /* MarvelCreatorListItem.swift in Sources */ = {isa = PBXBuildFile; fileRef = 56917C401FF1BDB90036EEAD /* MarvelCreatorListItem.swift */; };
		56917C431FF1BDD80036EEAD /* MarvelEventListItem.swift in Sources */ = {isa = PBXBuildFile; fileRef = 56917C421FF1BDD80036EEAD /* MarvelEventListItem.swift */; };
		56917C451FF1BDF90036EEAD /* MarvelSerieListItem.swift in Sources */ = {isa = PBXBuildFile; fileRef = 56917C441FF1BDF90036EEAD /* MarvelSerieListItem.swift */; };
		56917C481FF1CA700036EEAD /* MarvelItemListable.swift in Sources */ = {isa = PBXBuildFile; fileRef = 56917C471FF1CA700036EEAD /* MarvelItemListable.swift */; };
		569832EC1FF4EBFD00C4FA5F /* UIColor+Hex.swift in Sources */ = {isa = PBXBuildFile; fileRef = 569832EB1FF4EBFD00C4FA5F /* UIColor+Hex.swift */; };
		569832EE1FF4ECA500C4FA5F /* EnumColorable.swift in Sources */ = {isa = PBXBuildFile; fileRef = 569832ED1FF4ECA500C4FA5F /* EnumColorable.swift */; };
		569832F81FF4ECF300C4FA5F /* Themeable.swift in Sources */ = {isa = PBXBuildFile; fileRef = 569832F01FF4ECF200C4FA5F /* Themeable.swift */; };
		569832FB1FF4ECF300C4FA5F /* Theme.swift in Sources */ = {isa = PBXBuildFile; fileRef = 569832F31FF4ECF200C4FA5F /* Theme.swift */; };
		569832FD1FF4ECF300C4FA5F /* ThemeStyleable.swift in Sources */ = {isa = PBXBuildFile; fileRef = 569832F51FF4ECF200C4FA5F /* ThemeStyleable.swift */; };
		569832FE1FF4ECF300C4FA5F /* UILabel+Theme.swift in Sources */ = {isa = PBXBuildFile; fileRef = 569832F61FF4ECF200C4FA5F /* UILabel+Theme.swift */; };
		569832FF1FF4ECF300C4FA5F /* MainTheme.swift in Sources */ = {isa = PBXBuildFile; fileRef = 569832F71FF4ECF300C4FA5F /* MainTheme.swift */; };
		569833041FF50AFA00C4FA5F /* Marvel-Bold.ttf in Resources */ = {isa = PBXBuildFile; fileRef = 569833021FF5053800C4FA5F /* Marvel-Bold.ttf */; };
		569833051FF50AFA00C4FA5F /* Marvel-Regular.ttf in Resources */ = {isa = PBXBuildFile; fileRef = 569833031FF5053800C4FA5F /* Marvel-Regular.ttf */; };
		5698330E1FF6AE1800C4FA5F /* MarvelEntityListViewModeling.swift in Sources */ = {isa = PBXBuildFile; fileRef = 5698330D1FF6AE1800C4FA5F /* MarvelEntityListViewModeling.swift */; };
		56F301EE1FF2ACB900584929 /* MarvelCreator.swift in Sources */ = {isa = PBXBuildFile; fileRef = 56F301ED1FF2ACB900584929 /* MarvelCreator.swift */; };
		56F301F01FF2F3D200584929 /* MarvelEvent.swift in Sources */ = {isa = PBXBuildFile; fileRef = 56F301EF1FF2F3D200584929 /* MarvelEvent.swift */; };
		56F301F21FF2FC9600584929 /* MarvelSerie.swift in Sources */ = {isa = PBXBuildFile; fileRef = 56F301F11FF2FC9600584929 /* MarvelSerie.swift */; };
		56F301F41FF2FF0900584929 /* MarvelStory.swift in Sources */ = {isa = PBXBuildFile; fileRef = 56F301F31FF2FF0900584929 /* MarvelStory.swift */; };
		56F301F71FF3F05D00584929 /* MasterViewController.swift in Sources */ = {isa = PBXBuildFile; fileRef = 56F301F61FF3F05D00584929 /* MasterViewController.swift */; };
		56F301F91FF3F14600584929 /* UITableViewCell+reuseIdentifier.swift in Sources */ = {isa = PBXBuildFile; fileRef = 56F301F81FF3F14600584929 /* UITableViewCell+reuseIdentifier.swift */; };
		56F301FC1FF3F4C600584929 /* DataProvider.swift in Sources */ = {isa = PBXBuildFile; fileRef = 56F301FB1FF3F4C600584929 /* DataProvider.swift */; };
		56F301FE1FF3F9F200584929 /* MasterViewModel.swift in Sources */ = {isa = PBXBuildFile; fileRef = 56F301FD1FF3F9F200584929 /* MasterViewModel.swift */; };
		56F302051FF4024500584929 /* CustomSplitViewController.swift in Sources */ = {isa = PBXBuildFile; fileRef = 56F302041FF4024500584929 /* CustomSplitViewController.swift */; };
		56F302071FF40B7500584929 /* EntityTableViewCell.swift in Sources */ = {isa = PBXBuildFile; fileRef = 56F302061FF40B7500584929 /* EntityTableViewCell.swift */; };
		56F302091FF40C8900584929 /* EntityCellViewModel.swift in Sources */ = {isa = PBXBuildFile; fileRef = 56F302081FF40C8900584929 /* EntityCellViewModel.swift */; };
		56F3020B1FF4335F00584929 /* EntityTableViewCell.xib in Resources */ = {isa = PBXBuildFile; fileRef = 56F3020A1FF4335F00584929 /* EntityTableViewCell.xib */; };
		56F3020D1FF43BCD00584929 /* String+Height.swift in Sources */ = {isa = PBXBuildFile; fileRef = 56F3020C1FF43BCD00584929 /* String+Height.swift */; };
		744FC07E506FF11E19C5222E /* Pods_MIAUTests.framework in Frameworks */ = {isa = PBXBuildFile; fileRef = D5755E4F063796797AE97111 /* Pods_MIAUTests.framework */; };
		FA5E570244878D1479B71263 /* Pods_MIAU.framework in Frameworks */ = {isa = PBXBuildFile; fileRef = 25D7AD302CD3E936CDF48107 /* Pods_MIAU.framework */; };
/* End PBXBuildFile section */

/* Begin PBXContainerItemProxy section */
		56917C2B1FF1599C0036EEAD /* PBXContainerItemProxy */ = {
			isa = PBXContainerItemProxy;
			containerPortal = 5671490D1FF018CB00811866 /* Project object */;
			proxyType = 1;
			remoteGlobalIDString = 567149141FF018CB00811866;
			remoteInfo = MIAU;
		};
/* End PBXContainerItemProxy section */

/* Begin PBXFileReference section */
		25D7AD302CD3E936CDF48107 /* Pods_MIAU.framework */ = {isa = PBXFileReference; explicitFileType = wrapper.framework; includeInIndex = 0; path = Pods_MIAU.framework; sourceTree = BUILT_PRODUCTS_DIR; };
		43CDA2087B58E468AA454578 /* Pods-MIAUTests.debug.xcconfig */ = {isa = PBXFileReference; includeInIndex = 1; lastKnownFileType = text.xcconfig; name = "Pods-MIAUTests.debug.xcconfig"; path = "Pods/Target Support Files/Pods-MIAUTests/Pods-MIAUTests.debug.xcconfig"; sourceTree = "<group>"; };
		530C34222181057AAD1A41A8 /* Pods-MIAUTests.release.xcconfig */ = {isa = PBXFileReference; includeInIndex = 1; lastKnownFileType = text.xcconfig; name = "Pods-MIAUTests.release.xcconfig"; path = "Pods/Target Support Files/Pods-MIAUTests/Pods-MIAUTests.release.xcconfig"; sourceTree = "<group>"; };
		55D635E4FB219F34941A974F /* Pods-MIAU.debug.xcconfig */ = {isa = PBXFileReference; includeInIndex = 1; lastKnownFileType = text.xcconfig; name = "Pods-MIAU.debug.xcconfig"; path = "Pods/Target Support Files/Pods-MIAU/Pods-MIAU.debug.xcconfig"; sourceTree = "<group>"; };
		564721431FF238CD0090EDAB /* MarvelComic.swift */ = {isa = PBXFileReference; lastKnownFileType = sourcecode.swift; path = MarvelComic.swift; sourceTree = "<group>"; };
		564721451FF2963A0090EDAB /* ParsingTests.swift */ = {isa = PBXFileReference; lastKnownFileType = sourcecode.swift; path = ParsingTests.swift; sourceTree = "<group>"; };
		565539FE1FF7DB3200380F31 /* Assets.xcassets */ = {isa = PBXFileReference; lastKnownFileType = folder.assetcatalog; path = Assets.xcassets; sourceTree = "<group>"; };
		56553A081FF7FFC800380F31 /* DataProviderTests.swift */ = {isa = PBXFileReference; lastKnownFileType = sourcecode.swift; path = DataProviderTests.swift; sourceTree = "<group>"; };
		56553A0A1FF8DBB100380F31 /* MarvelEntityListViewModel.swift */ = {isa = PBXFileReference; lastKnownFileType = sourcecode.swift; path = MarvelEntityListViewModel.swift; sourceTree = "<group>"; };
		56553A111FF9916B00380F31 /* CharacterDetailViewController.swift */ = {isa = PBXFileReference; lastKnownFileType = sourcecode.swift; path = CharacterDetailViewController.swift; sourceTree = "<group>"; };
		56553A151FF9934A00380F31 /* CharacterDetailViewModel.swift */ = {isa = PBXFileReference; lastKnownFileType = sourcecode.swift; path = CharacterDetailViewModel.swift; sourceTree = "<group>"; };
		56553A171FFA953200380F31 /* MarvelListItemCell.swift */ = {isa = PBXFileReference; lastKnownFileType = sourcecode.swift; path = MarvelListItemCell.swift; sourceTree = "<group>"; };
		56553A191FFA95FE00380F31 /* MarvelListItemCellViewModel.swift */ = {isa = PBXFileReference; lastKnownFileType = sourcecode.swift; path = MarvelListItemCellViewModel.swift; sourceTree = "<group>"; };
		56553A1B1FFAB15600380F31 /* EntityDetailViewModel.swift */ = {isa = PBXFileReference; lastKnownFileType = sourcecode.swift; path = EntityDetailViewModel.swift; sourceTree = "<group>"; };
		56553A1D1FFAB77D00380F31 /* ComicDetailViewController.swift */ = {isa = PBXFileReference; lastKnownFileType = sourcecode.swift; path = ComicDetailViewController.swift; sourceTree = "<group>"; };
		56553A1F1FFAB82A00380F31 /* CreatorDetailViewController.swift */ = {isa = PBXFileReference; lastKnownFileType = sourcecode.swift; path = CreatorDetailViewController.swift; sourceTree = "<group>"; };
		56553A211FFAB83900380F31 /* EventDetailViewController.swift */ = {isa = PBXFileReference; lastKnownFileType = sourcecode.swift; path = EventDetailViewController.swift; sourceTree = "<group>"; };
		56553A231FFAB84D00380F31 /* SerieDetailViewController.swift */ = {isa = PBXFileReference; lastKnownFileType = sourcecode.swift; path = SerieDetailViewController.swift; sourceTree = "<group>"; };
		56553A251FFAB85B00380F31 /* StoryDetailViewController.swift */ = {isa = PBXFileReference; lastKnownFileType = sourcecode.swift; path = StoryDetailViewController.swift; sourceTree = "<group>"; };
		56553A271FFAC2E100380F31 /* ComicDetailViewModel.swift */ = {isa = PBXFileReference; lastKnownFileType = sourcecode.swift; path = ComicDetailViewModel.swift; sourceTree = "<group>"; };
		56553A291FFAC39500380F31 /* CreatorDetailViewModel.swift */ = {isa = PBXFileReference; lastKnownFileType = sourcecode.swift; path = CreatorDetailViewModel.swift; sourceTree = "<group>"; };
		56553A2B1FFAC3B000380F31 /* EventDetailViewModel.swift */ = {isa = PBXFileReference; lastKnownFileType = sourcecode.swift; path = EventDetailViewModel.swift; sourceTree = "<group>"; };
		56553A2D1FFAC40A00380F31 /* SerieDetailViewModel.swift */ = {isa = PBXFileReference; lastKnownFileType = sourcecode.swift; path = SerieDetailViewModel.swift; sourceTree = "<group>"; };
		56553A2F1FFAC42900380F31 /* StoryDetailViewModel.swift */ = {isa = PBXFileReference; lastKnownFileType = sourcecode.swift; path = StoryDetailViewModel.swift; sourceTree = "<group>"; };
		56553A311FFAC6AE00380F31 /* EntityDetailViewController.swift */ = {isa = PBXFileReference; lastKnownFileType = sourcecode.swift; path = EntityDetailViewController.swift; sourceTree = "<group>"; };
		567149151FF018CB00811866 /* MIAU.app */ = {isa = PBXFileReference; explicitFileType = wrapper.application; includeInIndex = 0; path = MIAU.app; sourceTree = BUILT_PRODUCTS_DIR; };
		567149181FF018CB00811866 /* AppDelegate.swift */ = {isa = PBXFileReference; lastKnownFileType = sourcecode.swift; path = AppDelegate.swift; sourceTree = "<group>"; };
		5671491D1FF018CB00811866 /* Base */ = {isa = PBXFileReference; lastKnownFileType = file.storyboard; name = Base; path = Base.lproj/Main.storyboard; sourceTree = "<group>"; };
		567149221FF018CB00811866 /* Base */ = {isa = PBXFileReference; lastKnownFileType = file.storyboard; name = Base; path = Base.lproj/LaunchScreen.storyboard; sourceTree = "<group>"; };
		567149241FF018CB00811866 /* Info.plist */ = {isa = PBXFileReference; lastKnownFileType = text.plist.xml; path = Info.plist; sourceTree = "<group>"; };
		5671492E1FF0247C00811866 /* APIConfiguration.plist */ = {isa = PBXFileReference; lastKnownFileType = text.plist.xml; path = APIConfiguration.plist; sourceTree = "<group>"; };
		567149311FF0275C00811866 /* MarvelEntityRepresentable.swift */ = {isa = PBXFileReference; lastKnownFileType = sourcecode.swift; path = MarvelEntityRepresentable.swift; sourceTree = "<group>"; };
		567149331FF02B9300811866 /* MarvelEntityType.swift */ = {isa = PBXFileReference; lastKnownFileType = sourcecode.swift; path = MarvelEntityType.swift; sourceTree = "<group>"; };
		567149351FF02E3B00811866 /* MarvelImageSize.swift */ = {isa = PBXFileReference; lastKnownFileType = sourcecode.swift; path = MarvelImageSize.swift; sourceTree = "<group>"; };
		567149381FF032EB00811866 /* MarvelAPIConnector.swift */ = {isa = PBXFileReference; lastKnownFileType = sourcecode.swift; path = MarvelAPIConnector.swift; sourceTree = "<group>"; };
		5671493C1FF03C4700811866 /* String+MD5.swift */ = {isa = PBXFileReference; lastKnownFileType = sourcecode.swift; path = "String+MD5.swift"; sourceTree = "<group>"; };
		5671493E1FF03D5C00811866 /* MIAU-Bridging-Header.h */ = {isa = PBXFileReference; lastKnownFileType = sourcecode.c.h; path = "MIAU-Bridging-Header.h"; sourceTree = "<group>"; };
		56917C261FF1599C0036EEAD /* MIAUTests.xctest */ = {isa = PBXFileReference; explicitFileType = wrapper.cfbundle; includeInIndex = 0; path = MIAUTests.xctest; sourceTree = BUILT_PRODUCTS_DIR; };
		56917C2A1FF1599C0036EEAD /* Info.plist */ = {isa = PBXFileReference; lastKnownFileType = text.plist.xml; path = Info.plist; sourceTree = "<group>"; };
		56917C301FF15A040036EEAD /* MarvelAPITests.swift */ = {isa = PBXFileReference; lastKnownFileType = sourcecode.swift; path = MarvelAPITests.swift; sourceTree = "<group>"; };
		56917C321FF1A3C10036EEAD /* MarvelCharacter.swift */ = {isa = PBXFileReference; lastKnownFileType = sourcecode.swift; path = MarvelCharacter.swift; sourceTree = "<group>"; };
		56917C341FF1B19C0036EEAD /* Marvelable.swift */ = {isa = PBXFileReference; lastKnownFileType = sourcecode.swift; path = Marvelable.swift; sourceTree = "<group>"; };
		56917C381FF1B42F0036EEAD /* MarvelStoryListItem.swift */ = {isa = PBXFileReference; lastKnownFileType = sourcecode.swift; path = MarvelStoryListItem.swift; sourceTree = "<group>"; };
		56917C3C1FF1BD060036EEAD /* MarvelCharacterListItem.swift */ = {isa = PBXFileReference; lastKnownFileType = sourcecode.swift; path = MarvelCharacterListItem.swift; sourceTree = "<group>"; };
		56917C3E1FF1BD7D0036EEAD /* MarvelComicListItem.swift */ = {isa = PBXFileReference; lastKnownFileType = sourcecode.swift; path = MarvelComicListItem.swift; sourceTree = "<group>"; };
		56917C401FF1BDB90036EEAD /* MarvelCreatorListItem.swift */ = {isa = PBXFileReference; lastKnownFileType = sourcecode.swift; path = MarvelCreatorListItem.swift; sourceTree = "<group>"; };
		56917C421FF1BDD80036EEAD /* MarvelEventListItem.swift */ = {isa = PBXFileReference; lastKnownFileType = sourcecode.swift; path = MarvelEventListItem.swift; sourceTree = "<group>"; };
		56917C441FF1BDF90036EEAD /* MarvelSerieListItem.swift */ = {isa = PBXFileReference; lastKnownFileType = sourcecode.swift; path = MarvelSerieListItem.swift; sourceTree = "<group>"; };
		56917C471FF1CA700036EEAD /* MarvelItemListable.swift */ = {isa = PBXFileReference; lastKnownFileType = sourcecode.swift; path = MarvelItemListable.swift; sourceTree = "<group>"; };
		569832EB1FF4EBFD00C4FA5F /* UIColor+Hex.swift */ = {isa = PBXFileReference; lastKnownFileType = sourcecode.swift; path = "UIColor+Hex.swift"; sourceTree = "<group>"; };
		569832ED1FF4ECA500C4FA5F /* EnumColorable.swift */ = {isa = PBXFileReference; lastKnownFileType = sourcecode.swift; path = EnumColorable.swift; sourceTree = "<group>"; };
		569832F01FF4ECF200C4FA5F /* Themeable.swift */ = {isa = PBXFileReference; fileEncoding = 4; lastKnownFileType = sourcecode.swift; path = Themeable.swift; sourceTree = "<group>"; };
		569832F31FF4ECF200C4FA5F /* Theme.swift */ = {isa = PBXFileReference; fileEncoding = 4; lastKnownFileType = sourcecode.swift; path = Theme.swift; sourceTree = "<group>"; };
		569832F51FF4ECF200C4FA5F /* ThemeStyleable.swift */ = {isa = PBXFileReference; fileEncoding = 4; lastKnownFileType = sourcecode.swift; path = ThemeStyleable.swift; sourceTree = "<group>"; };
		569832F61FF4ECF200C4FA5F /* UILabel+Theme.swift */ = {isa = PBXFileReference; fileEncoding = 4; lastKnownFileType = sourcecode.swift; path = "UILabel+Theme.swift"; sourceTree = "<group>"; };
		569832F71FF4ECF300C4FA5F /* MainTheme.swift */ = {isa = PBXFileReference; fileEncoding = 4; lastKnownFileType = sourcecode.swift; path = MainTheme.swift; sourceTree = "<group>"; };
		569833021FF5053800C4FA5F /* Marvel-Bold.ttf */ = {isa = PBXFileReference; lastKnownFileType = file; path = "Marvel-Bold.ttf"; sourceTree = "<group>"; };
		569833031FF5053800C4FA5F /* Marvel-Regular.ttf */ = {isa = PBXFileReference; lastKnownFileType = file; path = "Marvel-Regular.ttf"; sourceTree = "<group>"; };
		5698330D1FF6AE1800C4FA5F /* MarvelEntityListViewModeling.swift */ = {isa = PBXFileReference; lastKnownFileType = sourcecode.swift; path = MarvelEntityListViewModeling.swift; sourceTree = "<group>"; };
		56F301ED1FF2ACB900584929 /* MarvelCreator.swift */ = {isa = PBXFileReference; lastKnownFileType = sourcecode.swift; path = MarvelCreator.swift; sourceTree = "<group>"; };
		56F301EF1FF2F3D200584929 /* MarvelEvent.swift */ = {isa = PBXFileReference; lastKnownFileType = sourcecode.swift; path = MarvelEvent.swift; sourceTree = "<group>"; };
		56F301F11FF2FC9600584929 /* MarvelSerie.swift */ = {isa = PBXFileReference; lastKnownFileType = sourcecode.swift; path = MarvelSerie.swift; sourceTree = "<group>"; };
		56F301F31FF2FF0900584929 /* MarvelStory.swift */ = {isa = PBXFileReference; lastKnownFileType = sourcecode.swift; path = MarvelStory.swift; sourceTree = "<group>"; };
		56F301F61FF3F05D00584929 /* MasterViewController.swift */ = {isa = PBXFileReference; lastKnownFileType = sourcecode.swift; path = MasterViewController.swift; sourceTree = "<group>"; };
		56F301F81FF3F14600584929 /* UITableViewCell+reuseIdentifier.swift */ = {isa = PBXFileReference; lastKnownFileType = sourcecode.swift; path = "UITableViewCell+reuseIdentifier.swift"; sourceTree = "<group>"; };
		56F301FB1FF3F4C600584929 /* DataProvider.swift */ = {isa = PBXFileReference; lastKnownFileType = sourcecode.swift; path = DataProvider.swift; sourceTree = "<group>"; };
		56F301FD1FF3F9F200584929 /* MasterViewModel.swift */ = {isa = PBXFileReference; lastKnownFileType = sourcecode.swift; path = MasterViewModel.swift; sourceTree = "<group>"; };
		56F302041FF4024500584929 /* CustomSplitViewController.swift */ = {isa = PBXFileReference; lastKnownFileType = sourcecode.swift; path = CustomSplitViewController.swift; sourceTree = "<group>"; };
		56F302061FF40B7500584929 /* EntityTableViewCell.swift */ = {isa = PBXFileReference; lastKnownFileType = sourcecode.swift; path = EntityTableViewCell.swift; sourceTree = "<group>"; };
		56F302081FF40C8900584929 /* EntityCellViewModel.swift */ = {isa = PBXFileReference; lastKnownFileType = sourcecode.swift; path = EntityCellViewModel.swift; sourceTree = "<group>"; };
		56F3020A1FF4335F00584929 /* EntityTableViewCell.xib */ = {isa = PBXFileReference; lastKnownFileType = file.xib; path = EntityTableViewCell.xib; sourceTree = "<group>"; };
		56F3020C1FF43BCD00584929 /* String+Height.swift */ = {isa = PBXFileReference; lastKnownFileType = sourcecode.swift; path = "String+Height.swift"; sourceTree = "<group>"; };
		D5755E4F063796797AE97111 /* Pods_MIAUTests.framework */ = {isa = PBXFileReference; explicitFileType = wrapper.framework; includeInIndex = 0; path = Pods_MIAUTests.framework; sourceTree = BUILT_PRODUCTS_DIR; };
		F38BF94C8A865B8DC9E5B9E1 /* Pods-MIAU.release.xcconfig */ = {isa = PBXFileReference; includeInIndex = 1; lastKnownFileType = text.xcconfig; name = "Pods-MIAU.release.xcconfig"; path = "Pods/Target Support Files/Pods-MIAU/Pods-MIAU.release.xcconfig"; sourceTree = "<group>"; };
/* End PBXFileReference section */

/* Begin PBXFrameworksBuildPhase section */
		567149121FF018CB00811866 /* Frameworks */ = {
			isa = PBXFrameworksBuildPhase;
			buildActionMask = 2147483647;
			files = (
				FA5E570244878D1479B71263 /* Pods_MIAU.framework in Frameworks */,
			);
			runOnlyForDeploymentPostprocessing = 0;
		};
		56917C231FF1599C0036EEAD /* Frameworks */ = {
			isa = PBXFrameworksBuildPhase;
			buildActionMask = 2147483647;
			files = (
				744FC07E506FF11E19C5222E /* Pods_MIAUTests.framework in Frameworks */,
			);
			runOnlyForDeploymentPostprocessing = 0;
		};
/* End PBXFrameworksBuildPhase section */

/* Begin PBXGroup section */
		56553A131FF9931C00380F31 /* Detail */ = {
			isa = PBXGroup;
			children = (
				56553A311FFAC6AE00380F31 /* EntityDetailViewController.swift */,
				56553A111FF9916B00380F31 /* CharacterDetailViewController.swift */,
				56553A1D1FFAB77D00380F31 /* ComicDetailViewController.swift */,
				56553A1F1FFAB82A00380F31 /* CreatorDetailViewController.swift */,
				56553A211FFAB83900380F31 /* EventDetailViewController.swift */,
				56553A231FFAB84D00380F31 /* SerieDetailViewController.swift */,
				56553A251FFAB85B00380F31 /* StoryDetailViewController.swift */,
			);
			path = Detail;
			sourceTree = "<group>";
		};
		56553A141FF9933400380F31 /* Detail */ = {
			isa = PBXGroup;
			children = (
				56553A1B1FFAB15600380F31 /* EntityDetailViewModel.swift */,
				56553A151FF9934A00380F31 /* CharacterDetailViewModel.swift */,
				56553A271FFAC2E100380F31 /* ComicDetailViewModel.swift */,
				56553A291FFAC39500380F31 /* CreatorDetailViewModel.swift */,
				56553A2B1FFAC3B000380F31 /* EventDetailViewModel.swift */,
				56553A2D1FFAC40A00380F31 /* SerieDetailViewModel.swift */,
				56553A2F1FFAC42900380F31 /* StoryDetailViewModel.swift */,
			);
			path = Detail;
			sourceTree = "<group>";
		};
		5671490C1FF018CB00811866 = {
			isa = PBXGroup;
			children = (
				567149171FF018CB00811866 /* MIAU */,
				56917C271FF1599C0036EEAD /* MIAUTests */,
				567149161FF018CB00811866 /* Products */,
				A4B1A32B168AF4E240852E1C /* Pods */,
				8AFEA05DB5AF9435F731AB2F /* Frameworks */,
			);
			sourceTree = "<group>";
		};
		567149161FF018CB00811866 /* Products */ = {
			isa = PBXGroup;
			children = (
				567149151FF018CB00811866 /* MIAU.app */,
				56917C261FF1599C0036EEAD /* MIAUTests.xctest */,
			);
			name = Products;
			sourceTree = "<group>";
		};
		567149171FF018CB00811866 /* MIAU */ = {
			isa = PBXGroup;
			children = (
				5671492D1FF0244500811866 /* Config */,
				56F301F51FF3F02F00584929 /* Controller */,
				567149301FF0271800811866 /* Model */,
				567149371FF032D800811866 /* Service */,
				56F301FF1FF3FE3500584929 /* View */,
				56F301FA1FF3F48400584929 /* ViewModel */,
				5671493A1FF03C3000811866 /* Utils */,
				569833001FF5052500C4FA5F /* Resources */,
				567149181FF018CB00811866 /* AppDelegate.swift */,
				5671491C1FF018CB00811866 /* Main.storyboard */,
				565539FE1FF7DB3200380F31 /* Assets.xcassets */,
				567149211FF018CB00811866 /* LaunchScreen.storyboard */,
				567149241FF018CB00811866 /* Info.plist */,
				5671493E1FF03D5C00811866 /* MIAU-Bridging-Header.h */,
			);
			path = MIAU;
			sourceTree = "<group>";
		};
		5671492D1FF0244500811866 /* Config */ = {
			isa = PBXGroup;
			children = (
				5671492E1FF0247C00811866 /* APIConfiguration.plist */,
			);
			path = Config;
			sourceTree = "<group>";
		};
		567149301FF0271800811866 /* Model */ = {
			isa = PBXGroup;
			children = (
				56917C461FF1BE870036EEAD /* MarvelListItem */,
				56917C341FF1B19C0036EEAD /* Marvelable.swift */,
				567149311FF0275C00811866 /* MarvelEntityRepresentable.swift */,
				567149331FF02B9300811866 /* MarvelEntityType.swift */,
				567149351FF02E3B00811866 /* MarvelImageSize.swift */,
				56917C321FF1A3C10036EEAD /* MarvelCharacter.swift */,
				564721431FF238CD0090EDAB /* MarvelComic.swift */,
				56F301ED1FF2ACB900584929 /* MarvelCreator.swift */,
				56F301EF1FF2F3D200584929 /* MarvelEvent.swift */,
				56F301F11FF2FC9600584929 /* MarvelSerie.swift */,
				56F301F31FF2FF0900584929 /* MarvelStory.swift */,
			);
			path = Model;
			sourceTree = "<group>";
		};
		567149371FF032D800811866 /* Service */ = {
			isa = PBXGroup;
			children = (
				567149381FF032EB00811866 /* MarvelAPIConnector.swift */,
				56F301FB1FF3F4C600584929 /* DataProvider.swift */,
			);
			path = Service;
			sourceTree = "<group>";
		};
		5671493A1FF03C3000811866 /* Utils */ = {
			isa = PBXGroup;
			children = (
				569832EF1FF4ECDF00C4FA5F /* Theme */,
				5671493B1FF03C3900811866 /* Extension */,
			);
			path = Utils;
			sourceTree = "<group>";
		};
		5671493B1FF03C3900811866 /* Extension */ = {
			isa = PBXGroup;
			children = (
				5671493C1FF03C4700811866 /* String+MD5.swift */,
				56F301F81FF3F14600584929 /* UITableViewCell+reuseIdentifier.swift */,
				56F3020C1FF43BCD00584929 /* String+Height.swift */,
				569832EB1FF4EBFD00C4FA5F /* UIColor+Hex.swift */,
				569832ED1FF4ECA500C4FA5F /* EnumColorable.swift */,
			);
			path = Extension;
			sourceTree = "<group>";
		};
		56917C271FF1599C0036EEAD /* MIAUTests */ = {
			isa = PBXGroup;
			children = (
				56917C301FF15A040036EEAD /* MarvelAPITests.swift */,
				564721451FF2963A0090EDAB /* ParsingTests.swift */,
				56553A081FF7FFC800380F31 /* DataProviderTests.swift */,
				56917C2A1FF1599C0036EEAD /* Info.plist */,
			);
			path = MIAUTests;
			sourceTree = "<group>";
		};
		56917C461FF1BE870036EEAD /* MarvelListItem */ = {
			isa = PBXGroup;
			children = (
				56917C471FF1CA700036EEAD /* MarvelItemListable.swift */,
				56917C3C1FF1BD060036EEAD /* MarvelCharacterListItem.swift */,
				56917C3E1FF1BD7D0036EEAD /* MarvelComicListItem.swift */,
				56917C401FF1BDB90036EEAD /* MarvelCreatorListItem.swift */,
				56917C421FF1BDD80036EEAD /* MarvelEventListItem.swift */,
				56917C441FF1BDF90036EEAD /* MarvelSerieListItem.swift */,
				56917C381FF1B42F0036EEAD /* MarvelStoryListItem.swift */,
			);
			path = MarvelListItem;
			sourceTree = "<group>";
		};
		569832EF1FF4ECDF00C4FA5F /* Theme */ = {
			isa = PBXGroup;
			children = (
				569832F71FF4ECF300C4FA5F /* MainTheme.swift */,
				569832F31FF4ECF200C4FA5F /* Theme.swift */,
				569832F01FF4ECF200C4FA5F /* Themeable.swift */,
				569832F51FF4ECF200C4FA5F /* ThemeStyleable.swift */,
				569832F61FF4ECF200C4FA5F /* UILabel+Theme.swift */,
			);
			path = Theme;
			sourceTree = "<group>";
		};
		569833001FF5052500C4FA5F /* Resources */ = {
			isa = PBXGroup;
			children = (
				569833011FF5052C00C4FA5F /* Fonts */,
			);
			path = Resources;
			sourceTree = "<group>";
		};
		569833011FF5052C00C4FA5F /* Fonts */ = {
			isa = PBXGroup;
			children = (
				569833021FF5053800C4FA5F /* Marvel-Bold.ttf */,
				569833031FF5053800C4FA5F /* Marvel-Regular.ttf */,
			);
			path = Fonts;
			sourceTree = "<group>";
		};
		56F301F51FF3F02F00584929 /* Controller */ = {
			isa = PBXGroup;
			children = (
				56553A131FF9931C00380F31 /* Detail */,
				56F302041FF4024500584929 /* CustomSplitViewController.swift */,
				56F301F61FF3F05D00584929 /* MasterViewController.swift */,
			);
			path = Controller;
			sourceTree = "<group>";
		};
		56F301FA1FF3F48400584929 /* ViewModel */ = {
			isa = PBXGroup;
			children = (
				56553A141FF9933400380F31 /* Detail */,
				56F301FD1FF3F9F200584929 /* MasterViewModel.swift */,
				56F302081FF40C8900584929 /* EntityCellViewModel.swift */,
				5698330D1FF6AE1800C4FA5F /* MarvelEntityListViewModeling.swift */,
				56553A0A1FF8DBB100380F31 /* MarvelEntityListViewModel.swift */,
				56553A191FFA95FE00380F31 /* MarvelListItemCellViewModel.swift */,
			);
			path = ViewModel;
			sourceTree = "<group>";
		};
		56F301FF1FF3FE3500584929 /* View */ = {
			isa = PBXGroup;
			children = (
				56F302061FF40B7500584929 /* EntityTableViewCell.swift */,
				56F3020A1FF4335F00584929 /* EntityTableViewCell.xib */,
				56553A171FFA953200380F31 /* MarvelListItemCell.swift */,
			);
			path = View;
			sourceTree = "<group>";
		};
		8AFEA05DB5AF9435F731AB2F /* Frameworks */ = {
			isa = PBXGroup;
			children = (
				25D7AD302CD3E936CDF48107 /* Pods_MIAU.framework */,
				D5755E4F063796797AE97111 /* Pods_MIAUTests.framework */,
			);
			name = Frameworks;
			sourceTree = "<group>";
		};
		A4B1A32B168AF4E240852E1C /* Pods */ = {
			isa = PBXGroup;
			children = (
				55D635E4FB219F34941A974F /* Pods-MIAU.debug.xcconfig */,
				F38BF94C8A865B8DC9E5B9E1 /* Pods-MIAU.release.xcconfig */,
				43CDA2087B58E468AA454578 /* Pods-MIAUTests.debug.xcconfig */,
				530C34222181057AAD1A41A8 /* Pods-MIAUTests.release.xcconfig */,
			);
			name = Pods;
			sourceTree = "<group>";
		};
/* End PBXGroup section */

/* Begin PBXNativeTarget section */
		567149141FF018CB00811866 /* MIAU */ = {
			isa = PBXNativeTarget;
			buildConfigurationList = 567149271FF018CB00811866 /* Build configuration list for PBXNativeTarget "MIAU" */;
			buildPhases = (
				81D81ACB509617268A129F51 /* [CP] Check Pods Manifest.lock */,
				567149111FF018CB00811866 /* Sources */,
				567149121FF018CB00811866 /* Frameworks */,
				567149131FF018CB00811866 /* Resources */,
				9769A3A0025D3F54043E0458 /* [CP] Embed Pods Frameworks */,
				0A01120D18EED298B318BF53 /* [CP] Copy Pods Resources */,
			);
			buildRules = (
			);
			dependencies = (
			);
			name = MIAU;
			productName = MIAU;
			productReference = 567149151FF018CB00811866 /* MIAU.app */;
			productType = "com.apple.product-type.application";
		};
		56917C251FF1599C0036EEAD /* MIAUTests */ = {
			isa = PBXNativeTarget;
			buildConfigurationList = 56917C2F1FF1599C0036EEAD /* Build configuration list for PBXNativeTarget "MIAUTests" */;
			buildPhases = (
				F811DA263C7045CF408248D8 /* [CP] Check Pods Manifest.lock */,
				56917C221FF1599C0036EEAD /* Sources */,
				56917C231FF1599C0036EEAD /* Frameworks */,
				56917C241FF1599C0036EEAD /* Resources */,
				238ACD2F03CBE60D8EC32EFF /* [CP] Embed Pods Frameworks */,
				CD78F76A982AB0EBC73AA219 /* [CP] Copy Pods Resources */,
			);
			buildRules = (
			);
			dependencies = (
				56917C2C1FF1599C0036EEAD /* PBXTargetDependency */,
			);
			name = MIAUTests;
			productName = MIAUTests;
			productReference = 56917C261FF1599C0036EEAD /* MIAUTests.xctest */;
			productType = "com.apple.product-type.bundle.unit-test";
		};
/* End PBXNativeTarget section */

/* Begin PBXProject section */
		5671490D1FF018CB00811866 /* Project object */ = {
			isa = PBXProject;
			attributes = {
				LastSwiftUpdateCheck = 0920;
				LastUpgradeCheck = 0920;
				ORGANIZATIONNAME = crisisGriega;
				TargetAttributes = {
					567149141FF018CB00811866 = {
						CreatedOnToolsVersion = 9.2;
						LastSwiftMigration = 0920;
						ProvisioningStyle = Manual;
					};
					56917C251FF1599C0036EEAD = {
						CreatedOnToolsVersion = 9.2;
						ProvisioningStyle = Manual;
						TestTargetID = 567149141FF018CB00811866;
					};
				};
			};
			buildConfigurationList = 567149101FF018CB00811866 /* Build configuration list for PBXProject "MIAU" */;
			compatibilityVersion = "Xcode 8.0";
			developmentRegion = en;
			hasScannedForEncodings = 0;
			knownRegions = (
				en,
				Base,
			);
			mainGroup = 5671490C1FF018CB00811866;
			productRefGroup = 567149161FF018CB00811866 /* Products */;
			projectDirPath = "";
			projectRoot = "";
			targets = (
				567149141FF018CB00811866 /* MIAU */,
				56917C251FF1599C0036EEAD /* MIAUTests */,
			);
		};
/* End PBXProject section */

/* Begin PBXResourcesBuildPhase section */
		567149131FF018CB00811866 /* Resources */ = {
			isa = PBXResourcesBuildPhase;
			buildActionMask = 2147483647;
			files = (
				567149231FF018CB00811866 /* LaunchScreen.storyboard in Resources */,
				569833041FF50AFA00C4FA5F /* Marvel-Bold.ttf in Resources */,
				569833051FF50AFA00C4FA5F /* Marvel-Regular.ttf in Resources */,
				56F3020B1FF4335F00584929 /* EntityTableViewCell.xib in Resources */,
				565539FF1FF7DB3200380F31 /* Assets.xcassets in Resources */,
				5671492F1FF0247C00811866 /* APIConfiguration.plist in Resources */,
				5671491E1FF018CB00811866 /* Main.storyboard in Resources */,
			);
			runOnlyForDeploymentPostprocessing = 0;
		};
		56917C241FF1599C0036EEAD /* Resources */ = {
			isa = PBXResourcesBuildPhase;
			buildActionMask = 2147483647;
			files = (
			);
			runOnlyForDeploymentPostprocessing = 0;
		};
/* End PBXResourcesBuildPhase section */

/* Begin PBXShellScriptBuildPhase section */
		0A01120D18EED298B318BF53 /* [CP] Copy Pods Resources */ = {
			isa = PBXShellScriptBuildPhase;
			buildActionMask = 2147483647;
			files = (
			);
			inputPaths = (
			);
			name = "[CP] Copy Pods Resources";
			outputPaths = (
			);
			runOnlyForDeploymentPostprocessing = 0;
			shellPath = /bin/sh;
			shellScript = "\"${SRCROOT}/Pods/Target Support Files/Pods-MIAU/Pods-MIAU-resources.sh\"\n";
			showEnvVarsInLog = 0;
		};
		238ACD2F03CBE60D8EC32EFF /* [CP] Embed Pods Frameworks */ = {
			isa = PBXShellScriptBuildPhase;
			buildActionMask = 2147483647;
			files = (
			);
			inputPaths = (
				"${SRCROOT}/Pods/Target Support Files/Pods-MIAUTests/Pods-MIAUTests-frameworks.sh",
				"${BUILT_PRODUCTS_DIR}/Alamofire/Alamofire.framework",
				"${BUILT_PRODUCTS_DIR}/AlamofireObjectMapper/AlamofireObjectMapper.framework",
				"${BUILT_PRODUCTS_DIR}/ObjectMapper/ObjectMapper.framework",
			);
			name = "[CP] Embed Pods Frameworks";
			outputPaths = (
				"${TARGET_BUILD_DIR}/${FRAMEWORKS_FOLDER_PATH}/Alamofire.framework",
				"${TARGET_BUILD_DIR}/${FRAMEWORKS_FOLDER_PATH}/AlamofireObjectMapper.framework",
				"${TARGET_BUILD_DIR}/${FRAMEWORKS_FOLDER_PATH}/ObjectMapper.framework",
			);
			runOnlyForDeploymentPostprocessing = 0;
			shellPath = /bin/sh;
			shellScript = "\"${SRCROOT}/Pods/Target Support Files/Pods-MIAUTests/Pods-MIAUTests-frameworks.sh\"\n";
			showEnvVarsInLog = 0;
		};
		81D81ACB509617268A129F51 /* [CP] Check Pods Manifest.lock */ = {
			isa = PBXShellScriptBuildPhase;
			buildActionMask = 2147483647;
			files = (
			);
			inputPaths = (
				"${PODS_PODFILE_DIR_PATH}/Podfile.lock",
				"${PODS_ROOT}/Manifest.lock",
			);
			name = "[CP] Check Pods Manifest.lock";
			outputPaths = (
				"$(DERIVED_FILE_DIR)/Pods-MIAU-checkManifestLockResult.txt",
			);
			runOnlyForDeploymentPostprocessing = 0;
			shellPath = /bin/sh;
			shellScript = "diff \"${PODS_PODFILE_DIR_PATH}/Podfile.lock\" \"${PODS_ROOT}/Manifest.lock\" > /dev/null\nif [ $? != 0 ] ; then\n    # print error to STDERR\n    echo \"error: The sandbox is not in sync with the Podfile.lock. Run 'pod install' or update your CocoaPods installation.\" >&2\n    exit 1\nfi\n# This output is used by Xcode 'outputs' to avoid re-running this script phase.\necho \"SUCCESS\" > \"${SCRIPT_OUTPUT_FILE_0}\"\n";
			showEnvVarsInLog = 0;
		};
		9769A3A0025D3F54043E0458 /* [CP] Embed Pods Frameworks */ = {
			isa = PBXShellScriptBuildPhase;
			buildActionMask = 2147483647;
			files = (
			);
			inputPaths = (
				"${SRCROOT}/Pods/Target Support Files/Pods-MIAU/Pods-MIAU-frameworks.sh",
				"${BUILT_PRODUCTS_DIR}/AKPickerView-Swift/AKPickerView_Swift.framework",
				"${BUILT_PRODUCTS_DIR}/Alamofire/Alamofire.framework",
				"${BUILT_PRODUCTS_DIR}/AlamofireImage/AlamofireImage.framework",
				"${BUILT_PRODUCTS_DIR}/AlamofireObjectMapper/AlamofireObjectMapper.framework",
				"${BUILT_PRODUCTS_DIR}/DSGradientProgressView/DSGradientProgressView.framework",
				"${BUILT_PRODUCTS_DIR}/ObjectMapper/ObjectMapper.framework",
			);
			name = "[CP] Embed Pods Frameworks";
			outputPaths = (
				"${TARGET_BUILD_DIR}/${FRAMEWORKS_FOLDER_PATH}/AKPickerView_Swift.framework",
				"${TARGET_BUILD_DIR}/${FRAMEWORKS_FOLDER_PATH}/Alamofire.framework",
				"${TARGET_BUILD_DIR}/${FRAMEWORKS_FOLDER_PATH}/AlamofireImage.framework",
				"${TARGET_BUILD_DIR}/${FRAMEWORKS_FOLDER_PATH}/AlamofireObjectMapper.framework",
				"${TARGET_BUILD_DIR}/${FRAMEWORKS_FOLDER_PATH}/DSGradientProgressView.framework",
				"${TARGET_BUILD_DIR}/${FRAMEWORKS_FOLDER_PATH}/ObjectMapper.framework",
			);
			runOnlyForDeploymentPostprocessing = 0;
			shellPath = /bin/sh;
			shellScript = "\"${SRCROOT}/Pods/Target Support Files/Pods-MIAU/Pods-MIAU-frameworks.sh\"\n";
			showEnvVarsInLog = 0;
		};
		CD78F76A982AB0EBC73AA219 /* [CP] Copy Pods Resources */ = {
			isa = PBXShellScriptBuildPhase;
			buildActionMask = 2147483647;
			files = (
			);
			inputPaths = (
			);
			name = "[CP] Copy Pods Resources";
			outputPaths = (
			);
			runOnlyForDeploymentPostprocessing = 0;
			shellPath = /bin/sh;
			shellScript = "\"${SRCROOT}/Pods/Target Support Files/Pods-MIAUTests/Pods-MIAUTests-resources.sh\"\n";
			showEnvVarsInLog = 0;
		};
		F811DA263C7045CF408248D8 /* [CP] Check Pods Manifest.lock */ = {
			isa = PBXShellScriptBuildPhase;
			buildActionMask = 2147483647;
			files = (
			);
			inputPaths = (
				"${PODS_PODFILE_DIR_PATH}/Podfile.lock",
				"${PODS_ROOT}/Manifest.lock",
			);
			name = "[CP] Check Pods Manifest.lock";
			outputPaths = (
				"$(DERIVED_FILE_DIR)/Pods-MIAUTests-checkManifestLockResult.txt",
			);
			runOnlyForDeploymentPostprocessing = 0;
			shellPath = /bin/sh;
			shellScript = "diff \"${PODS_PODFILE_DIR_PATH}/Podfile.lock\" \"${PODS_ROOT}/Manifest.lock\" > /dev/null\nif [ $? != 0 ] ; then\n    # print error to STDERR\n    echo \"error: The sandbox is not in sync with the Podfile.lock. Run 'pod install' or update your CocoaPods installation.\" >&2\n    exit 1\nfi\n# This output is used by Xcode 'outputs' to avoid re-running this script phase.\necho \"SUCCESS\" > \"${SCRIPT_OUTPUT_FILE_0}\"\n";
			showEnvVarsInLog = 0;
		};
/* End PBXShellScriptBuildPhase section */

/* Begin PBXSourcesBuildPhase section */
		567149111FF018CB00811866 /* Sources */ = {
			isa = PBXSourcesBuildPhase;
			buildActionMask = 2147483647;
			files = (
				567149321FF0275C00811866 /* MarvelEntityRepresentable.swift in Sources */,
				56553A301FFAC42900380F31 /* StoryDetailViewModel.swift in Sources */,
				56F301F71FF3F05D00584929 /* MasterViewController.swift in Sources */,
				56553A161FF9934A00380F31 /* CharacterDetailViewModel.swift in Sources */,
				56553A1C1FFAB15600380F31 /* EntityDetailViewModel.swift in Sources */,
				56F301F91FF3F14600584929 /* UITableViewCell+reuseIdentifier.swift in Sources */,
				564721441FF238CD0090EDAB /* MarvelComic.swift in Sources */,
				56553A121FF9916B00380F31 /* CharacterDetailViewController.swift in Sources */,
				5671493D1FF03C4700811866 /* String+MD5.swift in Sources */,
				567149191FF018CB00811866 /* AppDelegate.swift in Sources */,
				56917C331FF1A3C10036EEAD /* MarvelCharacter.swift in Sources */,
				56F302091FF40C8900584929 /* EntityCellViewModel.swift in Sources */,
				569832F81FF4ECF300C4FA5F /* Themeable.swift in Sources */,
				56553A2E1FFAC40A00380F31 /* SerieDetailViewModel.swift in Sources */,
				56917C481FF1CA700036EEAD /* MarvelItemListable.swift in Sources */,
				56553A261FFAB85B00380F31 /* StoryDetailViewController.swift in Sources */,
				56F3020D1FF43BCD00584929 /* String+Height.swift in Sources */,
				56553A281FFAC2E100380F31 /* ComicDetailViewModel.swift in Sources */,
				569832FD1FF4ECF300C4FA5F /* ThemeStyleable.swift in Sources */,
				569832EE1FF4ECA500C4FA5F /* EnumColorable.swift in Sources */,
				56F302071FF40B7500584929 /* EntityTableViewCell.swift in Sources */,
				56F301F21FF2FC9600584929 /* MarvelSerie.swift in Sources */,
				56F301FC1FF3F4C600584929 /* DataProvider.swift in Sources */,
				56553A1A1FFA95FE00380F31 /* MarvelListItemCellViewModel.swift in Sources */,
				56553A181FFA953200380F31 /* MarvelListItemCell.swift in Sources */,
				56F301F41FF2FF0900584929 /* MarvelStory.swift in Sources */,
				56917C411FF1BDB90036EEAD /* MarvelCreatorListItem.swift in Sources */,
				56553A1E1FFAB77D00380F31 /* ComicDetailViewController.swift in Sources */,
				56917C391FF1B42F0036EEAD /* MarvelStoryListItem.swift in Sources */,
				56F301EE1FF2ACB900584929 /* MarvelCreator.swift in Sources */,
				56553A241FFAB84D00380F31 /* SerieDetailViewController.swift in Sources */,
				56553A321FFAC6AE00380F31 /* EntityDetailViewController.swift in Sources */,
				5698330E1FF6AE1800C4FA5F /* MarvelEntityListViewModeling.swift in Sources */,
				56917C431FF1BDD80036EEAD /* MarvelEventListItem.swift in Sources */,
				567149391FF032EB00811866 /* MarvelAPIConnector.swift in Sources */,
				569832FF1FF4ECF300C4FA5F /* MainTheme.swift in Sources */,
				569832FE1FF4ECF300C4FA5F /* UILabel+Theme.swift in Sources */,
				56553A0B1FF8DBB100380F31 /* MarvelEntityListViewModel.swift in Sources */,
				56F301FE1FF3F9F200584929 /* MasterViewModel.swift in Sources */,
				56917C3D1FF1BD060036EEAD /* MarvelCharacterListItem.swift in Sources */,
				56917C3F1FF1BD7D0036EEAD /* MarvelComicListItem.swift in Sources */,
				56553A221FFAB83900380F31 /* EventDetailViewController.swift in Sources */,
				567149361FF02E3B00811866 /* MarvelImageSize.swift in Sources */,
				56F301F01FF2F3D200584929 /* MarvelEvent.swift in Sources */,
				567149341FF02B9300811866 /* MarvelEntityType.swift in Sources */,
				569832EC1FF4EBFD00C4FA5F /* UIColor+Hex.swift in Sources */,
				56917C451FF1BDF90036EEAD /* MarvelSerieListItem.swift in Sources */,
				56553A2C1FFAC3B000380F31 /* EventDetailViewModel.swift in Sources */,
				56F302051FF4024500584929 /* CustomSplitViewController.swift in Sources */,
				56917C351FF1B19C0036EEAD /* Marvelable.swift in Sources */,
				56553A2A1FFAC39500380F31 /* CreatorDetailViewModel.swift in Sources */,
				56553A201FFAB82A00380F31 /* CreatorDetailViewController.swift in Sources */,
				569832FB1FF4ECF300C4FA5F /* Theme.swift in Sources */,
			);
			runOnlyForDeploymentPostprocessing = 0;
		};
		56917C221FF1599C0036EEAD /* Sources */ = {
			isa = PBXSourcesBuildPhase;
			buildActionMask = 2147483647;
			files = (
				56917C311FF15A040036EEAD /* MarvelAPITests.swift in Sources */,
				56553A091FF7FFC800380F31 /* DataProviderTests.swift in Sources */,
				564721461FF2963A0090EDAB /* ParsingTests.swift in Sources */,
			);
			runOnlyForDeploymentPostprocessing = 0;
		};
/* End PBXSourcesBuildPhase section */

/* Begin PBXTargetDependency section */
		56917C2C1FF1599C0036EEAD /* PBXTargetDependency */ = {
			isa = PBXTargetDependency;
			target = 567149141FF018CB00811866 /* MIAU */;
			targetProxy = 56917C2B1FF1599C0036EEAD /* PBXContainerItemProxy */;
		};
/* End PBXTargetDependency section */

/* Begin PBXVariantGroup section */
		5671491C1FF018CB00811866 /* Main.storyboard */ = {
			isa = PBXVariantGroup;
			children = (
				5671491D1FF018CB00811866 /* Base */,
			);
			name = Main.storyboard;
			sourceTree = "<group>";
		};
		567149211FF018CB00811866 /* LaunchScreen.storyboard */ = {
			isa = PBXVariantGroup;
			children = (
				567149221FF018CB00811866 /* Base */,
			);
			name = LaunchScreen.storyboard;
			sourceTree = "<group>";
		};
/* End PBXVariantGroup section */

/* Begin XCBuildConfiguration section */
		567149251FF018CB00811866 /* Debug */ = {
			isa = XCBuildConfiguration;
			buildSettings = {
				ALWAYS_SEARCH_USER_PATHS = NO;
				CLANG_ANALYZER_NONNULL = YES;
				CLANG_ANALYZER_NUMBER_OBJECT_CONVERSION = YES_AGGRESSIVE;
				CLANG_CXX_LANGUAGE_STANDARD = "gnu++14";
				CLANG_CXX_LIBRARY = "libc++";
				CLANG_ENABLE_MODULES = YES;
				CLANG_ENABLE_OBJC_ARC = YES;
				CLANG_WARN_BLOCK_CAPTURE_AUTORELEASING = YES;
				CLANG_WARN_BOOL_CONVERSION = YES;
				CLANG_WARN_COMMA = YES;
				CLANG_WARN_CONSTANT_CONVERSION = YES;
				CLANG_WARN_DIRECT_OBJC_ISA_USAGE = YES_ERROR;
				CLANG_WARN_DOCUMENTATION_COMMENTS = YES;
				CLANG_WARN_EMPTY_BODY = YES;
				CLANG_WARN_ENUM_CONVERSION = YES;
				CLANG_WARN_INFINITE_RECURSION = YES;
				CLANG_WARN_INT_CONVERSION = YES;
				CLANG_WARN_NON_LITERAL_NULL_CONVERSION = YES;
				CLANG_WARN_OBJC_LITERAL_CONVERSION = YES;
				CLANG_WARN_OBJC_ROOT_CLASS = YES_ERROR;
				CLANG_WARN_RANGE_LOOP_ANALYSIS = YES;
				CLANG_WARN_STRICT_PROTOTYPES = YES;
				CLANG_WARN_SUSPICIOUS_MOVE = YES;
				CLANG_WARN_UNGUARDED_AVAILABILITY = YES_AGGRESSIVE;
				CLANG_WARN_UNREACHABLE_CODE = YES;
				CLANG_WARN__DUPLICATE_METHOD_MATCH = YES;
				CODE_SIGN_IDENTITY = "iPhone Developer";
				COPY_PHASE_STRIP = NO;
				DEBUG_INFORMATION_FORMAT = dwarf;
				ENABLE_STRICT_OBJC_MSGSEND = YES;
				ENABLE_TESTABILITY = YES;
				GCC_C_LANGUAGE_STANDARD = gnu11;
				GCC_DYNAMIC_NO_PIC = NO;
				GCC_NO_COMMON_BLOCKS = YES;
				GCC_OPTIMIZATION_LEVEL = 0;
				GCC_PREPROCESSOR_DEFINITIONS = (
					"DEBUG=1",
					"$(inherited)",
				);
				GCC_WARN_64_TO_32_BIT_CONVERSION = YES;
				GCC_WARN_ABOUT_RETURN_TYPE = YES_ERROR;
				GCC_WARN_UNDECLARED_SELECTOR = YES;
				GCC_WARN_UNINITIALIZED_AUTOS = YES_AGGRESSIVE;
				GCC_WARN_UNUSED_FUNCTION = YES;
				GCC_WARN_UNUSED_VARIABLE = YES;
				IPHONEOS_DEPLOYMENT_TARGET = 11.2;
				MTL_ENABLE_DEBUG_INFO = YES;
				ONLY_ACTIVE_ARCH = YES;
				SDKROOT = iphoneos;
				SWIFT_ACTIVE_COMPILATION_CONDITIONS = DEBUG;
				SWIFT_OPTIMIZATION_LEVEL = "-Onone";
			};
			name = Debug;
		};
		567149261FF018CB00811866 /* Release */ = {
			isa = XCBuildConfiguration;
			buildSettings = {
				ALWAYS_SEARCH_USER_PATHS = NO;
				CLANG_ANALYZER_NONNULL = YES;
				CLANG_ANALYZER_NUMBER_OBJECT_CONVERSION = YES_AGGRESSIVE;
				CLANG_CXX_LANGUAGE_STANDARD = "gnu++14";
				CLANG_CXX_LIBRARY = "libc++";
				CLANG_ENABLE_MODULES = YES;
				CLANG_ENABLE_OBJC_ARC = YES;
				CLANG_WARN_BLOCK_CAPTURE_AUTORELEASING = YES;
				CLANG_WARN_BOOL_CONVERSION = YES;
				CLANG_WARN_COMMA = YES;
				CLANG_WARN_CONSTANT_CONVERSION = YES;
				CLANG_WARN_DIRECT_OBJC_ISA_USAGE = YES_ERROR;
				CLANG_WARN_DOCUMENTATION_COMMENTS = YES;
				CLANG_WARN_EMPTY_BODY = YES;
				CLANG_WARN_ENUM_CONVERSION = YES;
				CLANG_WARN_INFINITE_RECURSION = YES;
				CLANG_WARN_INT_CONVERSION = YES;
				CLANG_WARN_NON_LITERAL_NULL_CONVERSION = YES;
				CLANG_WARN_OBJC_LITERAL_CONVERSION = YES;
				CLANG_WARN_OBJC_ROOT_CLASS = YES_ERROR;
				CLANG_WARN_RANGE_LOOP_ANALYSIS = YES;
				CLANG_WARN_STRICT_PROTOTYPES = YES;
				CLANG_WARN_SUSPICIOUS_MOVE = YES;
				CLANG_WARN_UNGUARDED_AVAILABILITY = YES_AGGRESSIVE;
				CLANG_WARN_UNREACHABLE_CODE = YES;
				CLANG_WARN__DUPLICATE_METHOD_MATCH = YES;
				CODE_SIGN_IDENTITY = "iPhone Developer";
				COPY_PHASE_STRIP = NO;
				DEBUG_INFORMATION_FORMAT = "dwarf-with-dsym";
				ENABLE_NS_ASSERTIONS = NO;
				ENABLE_STRICT_OBJC_MSGSEND = YES;
				GCC_C_LANGUAGE_STANDARD = gnu11;
				GCC_NO_COMMON_BLOCKS = YES;
				GCC_WARN_64_TO_32_BIT_CONVERSION = YES;
				GCC_WARN_ABOUT_RETURN_TYPE = YES_ERROR;
				GCC_WARN_UNDECLARED_SELECTOR = YES;
				GCC_WARN_UNINITIALIZED_AUTOS = YES_AGGRESSIVE;
				GCC_WARN_UNUSED_FUNCTION = YES;
				GCC_WARN_UNUSED_VARIABLE = YES;
				IPHONEOS_DEPLOYMENT_TARGET = 11.2;
				MTL_ENABLE_DEBUG_INFO = NO;
				SDKROOT = iphoneos;
				SWIFT_OPTIMIZATION_LEVEL = "-Owholemodule";
				VALIDATE_PRODUCT = YES;
			};
			name = Release;
		};
		567149281FF018CB00811866 /* Debug */ = {
			isa = XCBuildConfiguration;
			baseConfigurationReference = 55D635E4FB219F34941A974F /* Pods-MIAU.debug.xcconfig */;
			buildSettings = {
				ASSETCATALOG_COMPILER_APPICON_NAME = AppIcon;
				CLANG_ENABLE_MODULES = YES;
				CODE_SIGN_STYLE = Manual;
				DEVELOPMENT_TEAM = RMQ54FT3V6;
				INFOPLIST_FILE = MIAU/Info.plist;
				LD_RUNPATH_SEARCH_PATHS = "$(inherited) @executable_path/Frameworks";
				PRODUCT_BUNDLE_IDENTIFIER = dev.crisisgriega.MIAU;
				PRODUCT_NAME = "$(TARGET_NAME)";
				PROVISIONING_PROFILE = "7c87147f-5c11-4db6-aa9b-c35861b73d64";
				PROVISIONING_PROFILE_SPECIFIER = "CDA Complete Wildcard";
				SWIFT_OBJC_BRIDGING_HEADER = "MIAU/MIAU-Bridging-Header.h";
				SWIFT_OPTIMIZATION_LEVEL = "-Onone";
				SWIFT_VERSION = 4.0;
				TARGETED_DEVICE_FAMILY = "1,2";
			};
			name = Debug;
		};
		567149291FF018CB00811866 /* Release */ = {
			isa = XCBuildConfiguration;
			baseConfigurationReference = F38BF94C8A865B8DC9E5B9E1 /* Pods-MIAU.release.xcconfig */;
			buildSettings = {
				ASSETCATALOG_COMPILER_APPICON_NAME = AppIcon;
				CLANG_ENABLE_MODULES = YES;
				CODE_SIGN_STYLE = Manual;
				DEVELOPMENT_TEAM = RMQ54FT3V6;
				INFOPLIST_FILE = MIAU/Info.plist;
				LD_RUNPATH_SEARCH_PATHS = "$(inherited) @executable_path/Frameworks";
				PRODUCT_BUNDLE_IDENTIFIER = dev.crisisgriega.MIAU;
				PRODUCT_NAME = "$(TARGET_NAME)";
				PROVISIONING_PROFILE = "7c87147f-5c11-4db6-aa9b-c35861b73d64";
				PROVISIONING_PROFILE_SPECIFIER = "CDA Complete Wildcard";
				SWIFT_OBJC_BRIDGING_HEADER = "MIAU/MIAU-Bridging-Header.h";
				SWIFT_VERSION = 4.0;
				TARGETED_DEVICE_FAMILY = "1,2";
			};
			name = Release;
		};
		56917C2D1FF1599C0036EEAD /* Debug */ = {
			isa = XCBuildConfiguration;
			baseConfigurationReference = 43CDA2087B58E468AA454578 /* Pods-MIAUTests.debug.xcconfig */;
			buildSettings = {
				BUNDLE_LOADER = "$(TEST_HOST)";
				CODE_SIGN_STYLE = Manual;
				DEVELOPMENT_TEAM = 9GXAD5FLL2;
				INFOPLIST_FILE = MIAUTests/Info.plist;
				LD_RUNPATH_SEARCH_PATHS = "$(inherited) @executable_path/Frameworks @loader_path/Frameworks";
				PRODUCT_BUNDLE_IDENTIFIER = dev.crisisgriega.MIAUTests;
				PRODUCT_NAME = "$(TARGET_NAME)";
				PROVISIONING_PROFILE_SPECIFIER = "";
				SWIFT_VERSION = 4.0;
				TARGETED_DEVICE_FAMILY = "1,2";
				TEST_HOST = "$(BUILT_PRODUCTS_DIR)/MIAU.app/MIAU";
			};
			name = Debug;
		};
		56917C2E1FF1599C0036EEAD /* Release */ = {
			isa = XCBuildConfiguration;
			baseConfigurationReference = 530C34222181057AAD1A41A8 /* Pods-MIAUTests.release.xcconfig */;
			buildSettings = {
				BUNDLE_LOADER = "$(TEST_HOST)";
				CODE_SIGN_STYLE = Manual;
				DEVELOPMENT_TEAM = 9GXAD5FLL2;
				INFOPLIST_FILE = MIAUTests/Info.plist;
				LD_RUNPATH_SEARCH_PATHS = "$(inherited) @executable_path/Frameworks @loader_path/Frameworks";
				PRODUCT_BUNDLE_IDENTIFIER = dev.crisisgriega.MIAUTests;
				PRODUCT_NAME = "$(TARGET_NAME)";
				PROVISIONING_PROFILE_SPECIFIER = "";
				SWIFT_VERSION = 4.0;
				TARGETED_DEVICE_FAMILY = "1,2";
				TEST_HOST = "$(BUILT_PRODUCTS_DIR)/MIAU.app/MIAU";
			};
			name = Release;
		};
/* End XCBuildConfiguration section */

/* Begin XCConfigurationList section */
		567149101FF018CB00811866 /* Build configuration list for PBXProject "MIAU" */ = {
			isa = XCConfigurationList;
			buildConfigurations = (
				567149251FF018CB00811866 /* Debug */,
				567149261FF018CB00811866 /* Release */,
			);
			defaultConfigurationIsVisible = 0;
			defaultConfigurationName = Release;
		};
		567149271FF018CB00811866 /* Build configuration list for PBXNativeTarget "MIAU" */ = {
			isa = XCConfigurationList;
			buildConfigurations = (
				567149281FF018CB00811866 /* Debug */,
				567149291FF018CB00811866 /* Release */,
			);
			defaultConfigurationIsVisible = 0;
			defaultConfigurationName = Release;
		};
		56917C2F1FF1599C0036EEAD /* Build configuration list for PBXNativeTarget "MIAUTests" */ = {
			isa = XCConfigurationList;
			buildConfigurations = (
				56917C2D1FF1599C0036EEAD /* Debug */,
				56917C2E1FF1599C0036EEAD /* Release */,
			);
			defaultConfigurationIsVisible = 0;
			defaultConfigurationName = Release;
		};
/* End XCConfigurationList section */
	};
	rootObject = 5671490D1FF018CB00811866 /* Project object */;
}
